<?xml version="1.0" encoding="UTF-8"?>
<CodeBlocks_project_file>
	<FileVersion major="1" minor="6"/>
	<Project>
		<Option title="exploringcpp"/>
		<Option makefile_is_custom="1"/>
		<Option compiler="gcc"/>
		<Option virtualFolders="CMake Files\;"/>
		<Build>
			<Target title="all">
				<Option working_dir="/mnt/c/Users/hakve/workspace/github/exploring-cpp"/>
				<Option type="4"/>
				<MakeCommands>
					<Build command="/usr/bin/make -j12 -f &quot;/mnt/c/Users/hakve/workspace/github/exploring-cpp/Makefile&quot;  VERBOSE=1 all"/>
					<CompileFile command="/usr/bin/make -j12 -f &quot;/mnt/c/Users/hakve/workspace/github/exploring-cpp/Makefile&quot;  VERBOSE=1 &quot;$file&quot;"/>
					<Clean command="/usr/bin/make -j12 -f &quot;/mnt/c/Users/hakve/workspace/github/exploring-cpp/Makefile&quot;  VERBOSE=1 clean"/>
					<DistClean command="/usr/bin/make -j12 -f &quot;/mnt/c/Users/hakve/workspace/github/exploring-cpp/Makefile&quot;  VERBOSE=1 clean"/>
				</MakeCommands>
			</Target>
			<Target title="rebuild_cache">
				<Option working_dir="/mnt/c/Users/hakve/workspace/github/exploring-cpp"/>
				<Option type="4"/>
				<MakeCommands>
					<Build command="/usr/bin/make -j12 -f &quot;/mnt/c/Users/hakve/workspace/github/exploring-cpp/Makefile&quot;  VERBOSE=1 rebuild_cache"/>
					<CompileFile command="/usr/bin/make -j12 -f &quot;/mnt/c/Users/hakve/workspace/github/exploring-cpp/Makefile&quot;  VERBOSE=1 &quot;$file&quot;"/>
					<Clean command="/usr/bin/make -j12 -f &quot;/mnt/c/Users/hakve/workspace/github/exploring-cpp/Makefile&quot;  VERBOSE=1 clean"/>
					<DistClean command="/usr/bin/make -j12 -f &quot;/mnt/c/Users/hakve/workspace/github/exploring-cpp/Makefile&quot;  VERBOSE=1 clean"/>
				</MakeCommands>
			</Target>
			<Target title="edit_cache">
				<Option working_dir="/mnt/c/Users/hakve/workspace/github/exploring-cpp"/>
				<Option type="4"/>
				<MakeCommands>
					<Build command="/usr/bin/make -j12 -f &quot;/mnt/c/Users/hakve/workspace/github/exploring-cpp/Makefile&quot;  VERBOSE=1 edit_cache"/>
					<CompileFile command="/usr/bin/make -j12 -f &quot;/mnt/c/Users/hakve/workspace/github/exploring-cpp/Makefile&quot;  VERBOSE=1 &quot;$file&quot;"/>
					<Clean command="/usr/bin/make -j12 -f &quot;/mnt/c/Users/hakve/workspace/github/exploring-cpp/Makefile&quot;  VERBOSE=1 clean"/>
					<DistClean command="/usr/bin/make -j12 -f &quot;/mnt/c/Users/hakve/workspace/github/exploring-cpp/Makefile&quot;  VERBOSE=1 clean"/>
				</MakeCommands>
			</Target>
			<Target title="config_handler">
				<Option output="/mnt/c/Users/hakve/workspace/github/exploring-cpp/libconfig_handler.a" prefix_auto="0" extension_auto="0"/>
				<Option working_dir="/mnt/c/Users/hakve/workspace/github/exploring-cpp"/>
				<Option object_output="./"/>
				<Option type="2"/>
				<Option compiler="gcc"/>
				<Compiler>
					<Add directory="/mnt/c/Users/hakve/workspace/github/exploring-cpp/include"/>
					<Add directory="/usr/include/c++/9"/>
					<Add directory="/usr/include/x86_64-linux-gnu/c++/9"/>
					<Add directory="/usr/include/c++/9/backward"/>
					<Add directory="/usr/lib/gcc/x86_64-linux-gnu/9/include"/>
					<Add directory="/usr/local/include"/>
					<Add directory="/usr/include/x86_64-linux-gnu"/>
					<Add directory="/usr/include"/>
				</Compiler>
				<MakeCommands>
					<Build command="/usr/bin/make -j12 -f &quot;/mnt/c/Users/hakve/workspace/github/exploring-cpp/Makefile&quot;  VERBOSE=1 config_handler"/>
					<CompileFile command="/usr/bin/make -j12 -f &quot;/mnt/c/Users/hakve/workspace/github/exploring-cpp/Makefile&quot;  VERBOSE=1 &quot;$file&quot;"/>
					<Clean command="/usr/bin/make -j12 -f &quot;/mnt/c/Users/hakve/workspace/github/exploring-cpp/Makefile&quot;  VERBOSE=1 clean"/>
					<DistClean command="/usr/bin/make -j12 -f &quot;/mnt/c/Users/hakve/workspace/github/exploring-cpp/Makefile&quot;  VERBOSE=1 clean"/>
				</MakeCommands>
			</Target>
			<Target title="config_handler/fast">
				<Option output="/mnt/c/Users/hakve/workspace/github/exploring-cpp/libconfig_handler.a" prefix_auto="0" extension_auto="0"/>
				<Option working_dir="/mnt/c/Users/hakve/workspace/github/exploring-cpp"/>
				<Option object_output="./"/>
				<Option type="2"/>
				<Option compiler="gcc"/>
				<Compiler>
					<Add directory="/mnt/c/Users/hakve/workspace/github/exploring-cpp/include"/>
					<Add directory="/usr/include/c++/9"/>
					<Add directory="/usr/include/x86_64-linux-gnu/c++/9"/>
					<Add directory="/usr/include/c++/9/backward"/>
					<Add directory="/usr/lib/gcc/x86_64-linux-gnu/9/include"/>
					<Add directory="/usr/local/include"/>
					<Add directory="/usr/include/x86_64-linux-gnu"/>
					<Add directory="/usr/include"/>
				</Compiler>
				<MakeCommands>
					<Build command="/usr/bin/make -j12 -f &quot;/mnt/c/Users/hakve/workspace/github/exploring-cpp/Makefile&quot;  VERBOSE=1 config_handler/fast"/>
					<CompileFile command="/usr/bin/make -j12 -f &quot;/mnt/c/Users/hakve/workspace/github/exploring-cpp/Makefile&quot;  VERBOSE=1 &quot;$file&quot;"/>
					<Clean command="/usr/bin/make -j12 -f &quot;/mnt/c/Users/hakve/workspace/github/exploring-cpp/Makefile&quot;  VERBOSE=1 clean"/>
					<DistClean command="/usr/bin/make -j12 -f &quot;/mnt/c/Users/hakve/workspace/github/exploring-cpp/Makefile&quot;  VERBOSE=1 clean"/>
				</MakeCommands>
			</Target>
			<Target title="utils">
				<Option output="/mnt/c/Users/hakve/workspace/github/exploring-cpp/libutils.a" prefix_auto="0" extension_auto="0"/>
				<Option working_dir="/mnt/c/Users/hakve/workspace/github/exploring-cpp"/>
				<Option object_output="./"/>
				<Option type="2"/>
				<Option compiler="gcc"/>
				<Compiler>
					<Add directory="/mnt/c/Users/hakve/workspace/github/exploring-cpp/include"/>
					<Add directory="/usr/include/c++/9"/>
					<Add directory="/usr/include/x86_64-linux-gnu/c++/9"/>
					<Add directory="/usr/include/c++/9/backward"/>
					<Add directory="/usr/lib/gcc/x86_64-linux-gnu/9/include"/>
					<Add directory="/usr/local/include"/>
					<Add directory="/usr/include/x86_64-linux-gnu"/>
					<Add directory="/usr/include"/>
				</Compiler>
				<MakeCommands>
					<Build command="/usr/bin/make -j12 -f &quot;/mnt/c/Users/hakve/workspace/github/exploring-cpp/Makefile&quot;  VERBOSE=1 utils"/>
					<CompileFile command="/usr/bin/make -j12 -f &quot;/mnt/c/Users/hakve/workspace/github/exploring-cpp/Makefile&quot;  VERBOSE=1 &quot;$file&quot;"/>
					<Clean command="/usr/bin/make -j12 -f &quot;/mnt/c/Users/hakve/workspace/github/exploring-cpp/Makefile&quot;  VERBOSE=1 clean"/>
					<DistClean command="/usr/bin/make -j12 -f &quot;/mnt/c/Users/hakve/workspace/github/exploring-cpp/Makefile&quot;  VERBOSE=1 clean"/>
				</MakeCommands>
			</Target>
			<Target title="utils/fast">
				<Option output="/mnt/c/Users/hakve/workspace/github/exploring-cpp/libutils.a" prefix_auto="0" extension_auto="0"/>
				<Option working_dir="/mnt/c/Users/hakve/workspace/github/exploring-cpp"/>
				<Option object_output="./"/>
				<Option type="2"/>
				<Option compiler="gcc"/>
				<Compiler>
					<Add directory="/mnt/c/Users/hakve/workspace/github/exploring-cpp/include"/>
					<Add directory="/usr/include/c++/9"/>
					<Add directory="/usr/include/x86_64-linux-gnu/c++/9"/>
					<Add directory="/usr/include/c++/9/backward"/>
					<Add directory="/usr/lib/gcc/x86_64-linux-gnu/9/include"/>
					<Add directory="/usr/local/include"/>
					<Add directory="/usr/include/x86_64-linux-gnu"/>
					<Add directory="/usr/include"/>
				</Compiler>
				<MakeCommands>
					<Build command="/usr/bin/make -j12 -f &quot;/mnt/c/Users/hakve/workspace/github/exploring-cpp/Makefile&quot;  VERBOSE=1 utils/fast"/>
					<CompileFile command="/usr/bin/make -j12 -f &quot;/mnt/c/Users/hakve/workspace/github/exploring-cpp/Makefile&quot;  VERBOSE=1 &quot;$file&quot;"/>
					<Clean command="/usr/bin/make -j12 -f &quot;/mnt/c/Users/hakve/workspace/github/exploring-cpp/Makefile&quot;  VERBOSE=1 clean"/>
					<DistClean command="/usr/bin/make -j12 -f &quot;/mnt/c/Users/hakve/workspace/github/exploring-cpp/Makefile&quot;  VERBOSE=1 clean"/>
				</MakeCommands>
			</Target>
			<Target title="command_cli">
				<Option output="/mnt/c/Users/hakve/workspace/github/exploring-cpp/libcommand_cli.a" prefix_auto="0" extension_auto="0"/>
				<Option working_dir="/mnt/c/Users/hakve/workspace/github/exploring-cpp"/>
				<Option object_output="./"/>
				<Option type="2"/>
				<Option compiler="gcc"/>
				<Compiler>
					<Add directory="/mnt/c/Users/hakve/workspace/github/exploring-cpp/include"/>
					<Add directory="/usr/include/c++/9"/>
					<Add directory="/usr/include/x86_64-linux-gnu/c++/9"/>
					<Add directory="/usr/include/c++/9/backward"/>
					<Add directory="/usr/lib/gcc/x86_64-linux-gnu/9/include"/>
					<Add directory="/usr/local/include"/>
					<Add directory="/usr/include/x86_64-linux-gnu"/>
					<Add directory="/usr/include"/>
				</Compiler>
				<MakeCommands>
					<Build command="/usr/bin/make -j12 -f &quot;/mnt/c/Users/hakve/workspace/github/exploring-cpp/Makefile&quot;  VERBOSE=1 command_cli"/>
					<CompileFile command="/usr/bin/make -j12 -f &quot;/mnt/c/Users/hakve/workspace/github/exploring-cpp/Makefile&quot;  VERBOSE=1 &quot;$file&quot;"/>
					<Clean command="/usr/bin/make -j12 -f &quot;/mnt/c/Users/hakve/workspace/github/exploring-cpp/Makefile&quot;  VERBOSE=1 clean"/>
					<DistClean command="/usr/bin/make -j12 -f &quot;/mnt/c/Users/hakve/workspace/github/exploring-cpp/Makefile&quot;  VERBOSE=1 clean"/>
				</MakeCommands>
			</Target>
			<Target title="command_cli/fast">
				<Option output="/mnt/c/Users/hakve/workspace/github/exploring-cpp/libcommand_cli.a" prefix_auto="0" extension_auto="0"/>
				<Option working_dir="/mnt/c/Users/hakve/workspace/github/exploring-cpp"/>
				<Option object_output="./"/>
				<Option type="2"/>
				<Option compiler="gcc"/>
				<Compiler>
					<Add directory="/mnt/c/Users/hakve/workspace/github/exploring-cpp/include"/>
					<Add directory="/usr/include/c++/9"/>
					<Add directory="/usr/include/x86_64-linux-gnu/c++/9"/>
					<Add directory="/usr/include/c++/9/backward"/>
					<Add directory="/usr/lib/gcc/x86_64-linux-gnu/9/include"/>
					<Add directory="/usr/local/include"/>
					<Add directory="/usr/include/x86_64-linux-gnu"/>
					<Add directory="/usr/include"/>
				</Compiler>
				<MakeCommands>
					<Build command="/usr/bin/make -j12 -f &quot;/mnt/c/Users/hakve/workspace/github/exploring-cpp/Makefile&quot;  VERBOSE=1 command_cli/fast"/>
					<CompileFile command="/usr/bin/make -j12 -f &quot;/mnt/c/Users/hakve/workspace/github/exploring-cpp/Makefile&quot;  VERBOSE=1 &quot;$file&quot;"/>
					<Clean command="/usr/bin/make -j12 -f &quot;/mnt/c/Users/hakve/workspace/github/exploring-cpp/Makefile&quot;  VERBOSE=1 clean"/>
					<DistClean command="/usr/bin/make -j12 -f &quot;/mnt/c/Users/hakve/workspace/github/exploring-cpp/Makefile&quot;  VERBOSE=1 clean"/>
				</MakeCommands>
			</Target>
			<Target title="ui">
				<Option output="/mnt/c/Users/hakve/workspace/github/exploring-cpp/libui.a" prefix_auto="0" extension_auto="0"/>
				<Option working_dir="/mnt/c/Users/hakve/workspace/github/exploring-cpp"/>
				<Option object_output="./"/>
				<Option type="2"/>
				<Option compiler="gcc"/>
				<Compiler>
					<Add directory="/mnt/c/Users/hakve/workspace/github/exploring-cpp/include"/>
					<Add directory="/usr/include/c++/9"/>
					<Add directory="/usr/include/x86_64-linux-gnu/c++/9"/>
					<Add directory="/usr/include/c++/9/backward"/>
					<Add directory="/usr/lib/gcc/x86_64-linux-gnu/9/include"/>
					<Add directory="/usr/local/include"/>
					<Add directory="/usr/include/x86_64-linux-gnu"/>
					<Add directory="/usr/include"/>
				</Compiler>
				<MakeCommands>
					<Build command="/usr/bin/make -j12 -f &quot;/mnt/c/Users/hakve/workspace/github/exploring-cpp/Makefile&quot;  VERBOSE=1 ui"/>
					<CompileFile command="/usr/bin/make -j12 -f &quot;/mnt/c/Users/hakve/workspace/github/exploring-cpp/Makefile&quot;  VERBOSE=1 &quot;$file&quot;"/>
					<Clean command="/usr/bin/make -j12 -f &quot;/mnt/c/Users/hakve/workspace/github/exploring-cpp/Makefile&quot;  VERBOSE=1 clean"/>
					<DistClean command="/usr/bin/make -j12 -f &quot;/mnt/c/Users/hakve/workspace/github/exploring-cpp/Makefile&quot;  VERBOSE=1 clean"/>
				</MakeCommands>
			</Target>
			<Target title="ui/fast">
				<Option output="/mnt/c/Users/hakve/workspace/github/exploring-cpp/libui.a" prefix_auto="0" extension_auto="0"/>
				<Option working_dir="/mnt/c/Users/hakve/workspace/github/exploring-cpp"/>
				<Option object_output="./"/>
				<Option type="2"/>
				<Option compiler="gcc"/>
				<Compiler>
					<Add directory="/mnt/c/Users/hakve/workspace/github/exploring-cpp/include"/>
					<Add directory="/usr/include/c++/9"/>
					<Add directory="/usr/include/x86_64-linux-gnu/c++/9"/>
					<Add directory="/usr/include/c++/9/backward"/>
					<Add directory="/usr/lib/gcc/x86_64-linux-gnu/9/include"/>
					<Add directory="/usr/local/include"/>
					<Add directory="/usr/include/x86_64-linux-gnu"/>
					<Add directory="/usr/include"/>
				</Compiler>
				<MakeCommands>
					<Build command="/usr/bin/make -j12 -f &quot;/mnt/c/Users/hakve/workspace/github/exploring-cpp/Makefile&quot;  VERBOSE=1 ui/fast"/>
					<CompileFile command="/usr/bin/make -j12 -f &quot;/mnt/c/Users/hakve/workspace/github/exploring-cpp/Makefile&quot;  VERBOSE=1 &quot;$file&quot;"/>
					<Clean command="/usr/bin/make -j12 -f &quot;/mnt/c/Users/hakve/workspace/github/exploring-cpp/Makefile&quot;  VERBOSE=1 clean"/>
					<DistClean command="/usr/bin/make -j12 -f &quot;/mnt/c/Users/hakve/workspace/github/exploring-cpp/Makefile&quot;  VERBOSE=1 clean"/>
				</MakeCommands>
			</Target>
			<Target title="module">
				<Option output="/mnt/c/Users/hakve/workspace/github/exploring-cpp/libmodule.a" prefix_auto="0" extension_auto="0"/>
				<Option working_dir="/mnt/c/Users/hakve/workspace/github/exploring-cpp"/>
				<Option object_output="./"/>
				<Option type="2"/>
				<Option compiler="gcc"/>
				<Compiler>
					<Add directory="/mnt/c/Users/hakve/workspace/github/exploring-cpp/include"/>
					<Add directory="/usr/include/c++/9"/>
					<Add directory="/usr/include/x86_64-linux-gnu/c++/9"/>
					<Add directory="/usr/include/c++/9/backward"/>
					<Add directory="/usr/lib/gcc/x86_64-linux-gnu/9/include"/>
					<Add directory="/usr/local/include"/>
					<Add directory="/usr/include/x86_64-linux-gnu"/>
					<Add directory="/usr/include"/>
				</Compiler>
				<MakeCommands>
					<Build command="/usr/bin/make -j12 -f &quot;/mnt/c/Users/hakve/workspace/github/exploring-cpp/Makefile&quot;  VERBOSE=1 module"/>
					<CompileFile command="/usr/bin/make -j12 -f &quot;/mnt/c/Users/hakve/workspace/github/exploring-cpp/Makefile&quot;  VERBOSE=1 &quot;$file&quot;"/>
					<Clean command="/usr/bin/make -j12 -f &quot;/mnt/c/Users/hakve/workspace/github/exploring-cpp/Makefile&quot;  VERBOSE=1 clean"/>
					<DistClean command="/usr/bin/make -j12 -f &quot;/mnt/c/Users/hakve/workspace/github/exploring-cpp/Makefile&quot;  VERBOSE=1 clean"/>
				</MakeCommands>
			</Target>
			<Target title="module/fast">
				<Option output="/mnt/c/Users/hakve/workspace/github/exploring-cpp/libmodule.a" prefix_auto="0" extension_auto="0"/>
				<Option working_dir="/mnt/c/Users/hakve/workspace/github/exploring-cpp"/>
				<Option object_output="./"/>
				<Option type="2"/>
				<Option compiler="gcc"/>
				<Compiler>
					<Add directory="/mnt/c/Users/hakve/workspace/github/exploring-cpp/include"/>
					<Add directory="/usr/include/c++/9"/>
					<Add directory="/usr/include/x86_64-linux-gnu/c++/9"/>
					<Add directory="/usr/include/c++/9/backward"/>
					<Add directory="/usr/lib/gcc/x86_64-linux-gnu/9/include"/>
					<Add directory="/usr/local/include"/>
					<Add directory="/usr/include/x86_64-linux-gnu"/>
					<Add directory="/usr/include"/>
				</Compiler>
				<MakeCommands>
					<Build command="/usr/bin/make -j12 -f &quot;/mnt/c/Users/hakve/workspace/github/exploring-cpp/Makefile&quot;  VERBOSE=1 module/fast"/>
					<CompileFile command="/usr/bin/make -j12 -f &quot;/mnt/c/Users/hakve/workspace/github/exploring-cpp/Makefile&quot;  VERBOSE=1 &quot;$file&quot;"/>
					<Clean command="/usr/bin/make -j12 -f &quot;/mnt/c/Users/hakve/workspace/github/exploring-cpp/Makefile&quot;  VERBOSE=1 clean"/>
					<DistClean command="/usr/bin/make -j12 -f &quot;/mnt/c/Users/hakve/workspace/github/exploring-cpp/Makefile&quot;  VERBOSE=1 clean"/>
				</MakeCommands>
			</Target>
			<Target title="main">
				<Option output="/mnt/c/Users/hakve/workspace/github/exploring-cpp/main" prefix_auto="0" extension_auto="0"/>
				<Option working_dir="/mnt/c/Users/hakve/workspace/github/exploring-cpp"/>
				<Option object_output="./"/>
				<Option type="1"/>
				<Option compiler="gcc"/>
				<Compiler>
					<Add directory="/mnt/c/Users/hakve/workspace/github/exploring-cpp"/>
					<Add directory="/mnt/c/Users/hakve/workspace/github/exploring-cpp/include"/>
					<Add directory="/usr/include/c++/9"/>
					<Add directory="/usr/include/x86_64-linux-gnu/c++/9"/>
					<Add directory="/usr/include/c++/9/backward"/>
					<Add directory="/usr/lib/gcc/x86_64-linux-gnu/9/include"/>
					<Add directory="/usr/local/include"/>
					<Add directory="/usr/include/x86_64-linux-gnu"/>
					<Add directory="/usr/include"/>
				</Compiler>
				<MakeCommands>
					<Build command="/usr/bin/make -j12 -f &quot;/mnt/c/Users/hakve/workspace/github/exploring-cpp/Makefile&quot;  VERBOSE=1 main"/>
					<CompileFile command="/usr/bin/make -j12 -f &quot;/mnt/c/Users/hakve/workspace/github/exploring-cpp/Makefile&quot;  VERBOSE=1 &quot;$file&quot;"/>
					<Clean command="/usr/bin/make -j12 -f &quot;/mnt/c/Users/hakve/workspace/github/exploring-cpp/Makefile&quot;  VERBOSE=1 clean"/>
					<DistClean command="/usr/bin/make -j12 -f &quot;/mnt/c/Users/hakve/workspace/github/exploring-cpp/Makefile&quot;  VERBOSE=1 clean"/>
				</MakeCommands>
			</Target>
			<Target title="main/fast">
				<Option output="/mnt/c/Users/hakve/workspace/github/exploring-cpp/main" prefix_auto="0" extension_auto="0"/>
				<Option working_dir="/mnt/c/Users/hakve/workspace/github/exploring-cpp"/>
				<Option object_output="./"/>
				<Option type="1"/>
				<Option compiler="gcc"/>
				<Compiler>
					<Add directory="/mnt/c/Users/hakve/workspace/github/exploring-cpp"/>
					<Add directory="/mnt/c/Users/hakve/workspace/github/exploring-cpp/include"/>
					<Add directory="/usr/include/c++/9"/>
					<Add directory="/usr/include/x86_64-linux-gnu/c++/9"/>
					<Add directory="/usr/include/c++/9/backward"/>
					<Add directory="/usr/lib/gcc/x86_64-linux-gnu/9/include"/>
					<Add directory="/usr/local/include"/>
					<Add directory="/usr/include/x86_64-linux-gnu"/>
					<Add directory="/usr/include"/>
				</Compiler>
				<MakeCommands>
					<Build command="/usr/bin/make -j12 -f &quot;/mnt/c/Users/hakve/workspace/github/exploring-cpp/Makefile&quot;  VERBOSE=1 main/fast"/>
					<CompileFile command="/usr/bin/make -j12 -f &quot;/mnt/c/Users/hakve/workspace/github/exploring-cpp/Makefile&quot;  VERBOSE=1 &quot;$file&quot;"/>
					<Clean command="/usr/bin/make -j12 -f &quot;/mnt/c/Users/hakve/workspace/github/exploring-cpp/Makefile&quot;  VERBOSE=1 clean"/>
					<DistClean command="/usr/bin/make -j12 -f &quot;/mnt/c/Users/hakve/workspace/github/exploring-cpp/Makefile&quot;  VERBOSE=1 clean"/>
				</MakeCommands>
			</Target>
		</Build>
		<Unit filename="/mnt/c/Users/hakve/workspace/github/exploring-cpp/main.cpp">
			<Option target="main"/>
		</Unit>
		<Unit filename="/mnt/c/Users/hakve/workspace/github/exploring-cpp/src/command_cli.cpp">
			<Option target="command_cli"/>
		</Unit>
		<Unit filename="/mnt/c/Users/hakve/workspace/github/exploring-cpp/src/config_handler.cpp">
			<Option target="config_handler"/>
		</Unit>
		<Unit filename="/mnt/c/Users/hakve/workspace/github/exploring-cpp/src/module.cpp">
			<Option target="module"/>
		</Unit>
		<Unit filename="/mnt/c/Users/hakve/workspace/github/exploring-cpp/src/ui.cpp">
			<Option target="ui"/>
		</Unit>
		<Unit filename="/mnt/c/Users/hakve/workspace/github/exploring-cpp/src/utils.cpp">
			<Option target="utils"/>
		</Unit>
		<Unit filename="/mnt/c/Users/hakve/workspace/github/exploring-cpp/CMakeLists.txt">
			<Option virtualFolder="CMake Files\"/>
		</Unit>
		<Unit filename="/mnt/c/Users/hakve/workspace/github/exploring-cpp/config.h.in">
			<Option virtualFolder="CMake Files\"/>
		</Unit>
	</Project>
</CodeBlocks_project_file>
